# This file is automatically @generated by Cargo.
# It is not intended for manual editing.
version = 3

[[package]]
name = "ipnetwork"
version = "0.12.8"
source = "registry+https://github.com/rust-lang/crates.io-index"
checksum = "70783119ac90828aaba91eae39db32c6c1b8838deea3637e5238efa0130801ab"

[[package]]
name = "ipnetwork-example"
version = "0.1.0"
dependencies = [
 "ipnetwork",
]
